
Microsoft Visual Studio Solution File, Format Version 12.00
# Visual Studio Version 17
VisualStudioVersion = 17.14.36511.14 d17.14
MinimumVisualStudioVersion = 10.0.40219.1
Project("{FAE04EC0-301F-11D3-BF4B-00C04F79EFBC}") = "Employee", "Employee.csproj", "{98F8B916-CDB8-4FB9-8530-B931F8141403}"
EndProject
Global
	GlobalSection(SolutionConfigurationPlatforms) = preSolution
		Debug|Any CPU = Debug|Any CPU
		Release|Any CPU = Release|Any CPU
	EndGlobalSection
	GlobalSection(ProjectConfigurationPlatforms) = postSolution
		{98F8B916-CDB8-4FB9-8530-B931F8141403}.Debug|Any CPU.ActiveCfg = Debug|Any CPU
		{98F8B916-CDB8-4FB9-8530-B931F8141403}.Debug|Any CPU.Build.0 = Debug|Any CPU
		{98F8B916-CDB8-4FB9-8530-B931F8141403}.Release|Any CPU.ActiveCfg = Release|Any CPU
		{98F8B916-CDB8-4FB9-8530-B931F8141403}.Release|Any CPU.Build.0 = Release|Any CPU
	EndGlobalSection
	GlobalSection(SolutionProperties) = preSolution
		HideSolutionNode = FALSE
	EndGlobalSection
	GlobalSection(ExtensibilityGlobals) = postSolution
		SolutionGuid = {03FD1391-6BE7-4780-8DE2-97A6185892FA}
	EndGlobalSection
EndGlobal
